
Microsoft Visual Studio Solution File, Format Version 12.00
# Visual Studio Version 16
VisualStudioVersion = 16.0.29020.237
MinimumVisualStudioVersion = 10.0.40219.1
Project("{FAE04EC0-301F-11D3-BF4B-00C04F79EFBC}") = "GeoAPI", "GeoAPI.csproj", "{BBF5B828-F992-4C6A-9CEC-73B28443BB4F}"
EndProject
Global
	GlobalSection(SolutionConfigurationPlatforms) = preSolution
		Debug|Any CPU = Debug|Any CPU
		Release|Any CPU = Release|Any CPU
	EndGlobalSection
	GlobalSection(ProjectConfigurationPlatforms) = postSolution
		{BBF5B828-F992-4C6A-9CEC-73B28443BB4F}.Debug|Any CPU.ActiveCfg = Debug|Any CPU
		{BBF5B828-F992-4C6A-9CEC-73B28443BB4F}.Debug|Any CPU.Build.0 = Debug|Any CPU
		{BBF5B828-F992-4C6A-9CEC-73B28443BB4F}.Release|Any CPU.ActiveCfg = Release|Any CPU
		{BBF5B828-F992-4C6A-9CEC-73B28443BB4F}.Release|Any CPU.Build.0 = Release|Any CPU
	EndGlobalSection
	GlobalSection(SolutionProperties) = preSolution
		HideSolutionNode = FALSE
	EndGlobalSection
	GlobalSection(ExtensibilityGlobals) = postSolution
		SolutionGuid = {6910B233-0894-4EAF-8F7C-40973896A2FF}
	EndGlobalSection
EndGlobal
